Microsoft Visual Studio Solution File, Format Version 12.00
# Visual Studio Version 17
VisualStudioVersion = 17.5.2.0
MinimumVisualStudioVersion = 10.0.40219.1
Project("{FAE04EC0-301F-11D3-BF4B-00C04F79EFBC}") = "FinancialSystemApi", "FinancialSystemApi.csproj", "{45893B05-4D31-EE2A-06D5-4CDAAF0DDACD}"
EndProject
Global
	GlobalSection(SolutionConfigurationPlatforms) = preSolution
		Debug|Any CPU = Debug|Any CPU
		Release|Any CPU = Release|Any CPU
	EndGlobalSection
	GlobalSection(ProjectConfigurationPlatforms) = postSolution
		{45893B05-4D31-EE2A-06D5-4CDAAF0DDACD}.Debug|Any CPU.ActiveCfg = Debug|Any CPU
		{45893B05-4D31-EE2A-06D5-4CDAAF0DDACD}.Debug|Any CPU.Build.0 = Debug|Any CPU
		{45893B05-4D31-EE2A-06D5-4CDAAF0DDACD}.Release|Any CPU.ActiveCfg = Release|Any CPU
		{45893B05-4D31-EE2A-06D5-4CDAAF0DDACD}.Release|Any CPU.Build.0 = Release|Any CPU
	EndGlobalSection
	GlobalSection(SolutionProperties) = preSolution
		HideSolutionNode = FALSE
	EndGlobalSection
	GlobalSection(ExtensibilityGlobals) = postSolution
		SolutionGuid = {62224DF2-644A-4B7A-B110-7E40B9FC447D}
	EndGlobalSection
EndGlobal
